
Microsoft Visual Studio Solution File, Format Version 12.00
# Visual Studio Version 16
VisualStudioVersion = 16.0.33328.57
MinimumVisualStudioVersion = 10.0.40219.1
Project("{FAE04EC0-301F-11D3-BF4B-00C04F79EFBC}") = "parkTrumpet.Web", "parkTrumpet.Web\parkTrumpet.Web.csproj", "{A274AAED-2BBE-4574-9815-79A52538A5EE}"
EndProject
Project("{FAE04EC0-301F-11D3-BF4B-00C04F79EFBC}") = "parkTrumpet.BusinessLogic", "parkTrumpet.BusinessLogic\parkTrumpet.BusinessLogic.csproj", "{56015E57-5B68-499C-82F4-35A1EE73BE81}"
EndProject
Project("{FAE04EC0-301F-11D3-BF4B-00C04F79EFBC}") = "parkTrumpet.Domain", "parkTrumpet.Domain\parkTrumpet.Domain.csproj", "{1FA39703-2E60-4886-8CC6-C789B7530639}"
EndProject
Project("{FAE04EC0-301F-11D3-BF4B-00C04F79EFBC}") = "parkTrumpet.Helpers", "parkTrumpet.Helpers\parkTrumpet.Helpers.csproj", "{C76FF98F-0263-4FE6-9D4C-7F101676EE5F}"
EndProject
Global
	GlobalSection(SolutionConfigurationPlatforms) = preSolution
		Debug|Any CPU = Debug|Any CPU
		Release|Any CPU = Release|Any CPU
	EndGlobalSection
	GlobalSection(ProjectConfigurationPlatforms) = postSolution
		{A274AAED-2BBE-4574-9815-79A52538A5EE}.Debug|Any CPU.ActiveCfg = Debug|Any CPU
		{A274AAED-2BBE-4574-9815-79A52538A5EE}.Debug|Any CPU.Build.0 = Debug|Any CPU
		{A274AAED-2BBE-4574-9815-79A52538A5EE}.Release|Any CPU.ActiveCfg = Release|Any CPU
		{A274AAED-2BBE-4574-9815-79A52538A5EE}.Release|Any CPU.Build.0 = Release|Any CPU
		{56015E57-5B68-499C-82F4-35A1EE73BE81}.Debug|Any CPU.ActiveCfg = Debug|Any CPU
		{56015E57-5B68-499C-82F4-35A1EE73BE81}.Debug|Any CPU.Build.0 = Debug|Any CPU
		{56015E57-5B68-499C-82F4-35A1EE73BE81}.Release|Any CPU.ActiveCfg = Release|Any CPU
		{56015E57-5B68-499C-82F4-35A1EE73BE81}.Release|Any CPU.Build.0 = Release|Any CPU
		{1FA39703-2E60-4886-8CC6-C789B7530639}.Debug|Any CPU.ActiveCfg = Debug|Any CPU
		{1FA39703-2E60-4886-8CC6-C789B7530639}.Debug|Any CPU.Build.0 = Debug|Any CPU
		{1FA39703-2E60-4886-8CC6-C789B7530639}.Release|Any CPU.ActiveCfg = Release|Any CPU
		{1FA39703-2E60-4886-8CC6-C789B7530639}.Release|Any CPU.Build.0 = Release|Any CPU
		{C76FF98F-0263-4FE6-9D4C-7F101676EE5F}.Debug|Any CPU.ActiveCfg = Debug|Any CPU
		{C76FF98F-0263-4FE6-9D4C-7F101676EE5F}.Debug|Any CPU.Build.0 = Debug|Any CPU
		{C76FF98F-0263-4FE6-9D4C-7F101676EE5F}.Release|Any CPU.ActiveCfg = Release|Any CPU
		{C76FF98F-0263-4FE6-9D4C-7F101676EE5F}.Release|Any CPU.Build.0 = Release|Any CPU
	EndGlobalSection
	GlobalSection(SolutionProperties) = preSolution
		HideSolutionNode = FALSE
	EndGlobalSection
	GlobalSection(ExtensibilityGlobals) = postSolution
		SolutionGuid = {4B0C55C1-90D1-4DD1-B145-51AD51673DF5}
	EndGlobalSection
EndGlobal
